
Microsoft Visual Studio Solution File, Format Version 12.00
# Visual Studio 14
VisualStudioVersion = 14.0.25420.1
MinimumVisualStudioVersion = 10.0.40219.1
Project("{FAE04EC0-301F-11D3-BF4B-00C04F79EFBC}") = "GruntTest", "GruntTest\GruntTest.csproj", "{3A581ED5-21B9-4E07-AB98-FB066B2971FC}"
EndProject
Global
	GlobalSection(SolutionConfigurationPlatforms) = preSolution
		Debug|Any CPU = Debug|Any CPU
		Release|Any CPU = Release|Any CPU
	EndGlobalSection
	GlobalSection(ProjectConfigurationPlatforms) = postSolution
		{3A581ED5-21B9-4E07-AB98-FB066B2971FC}.Debug|Any CPU.ActiveCfg = Debug|Any CPU
		{3A581ED5-21B9-4E07-AB98-FB066B2971FC}.Debug|Any CPU.Build.0 = Debug|Any CPU
		{3A581ED5-21B9-4E07-AB98-FB066B2971FC}.Release|Any CPU.ActiveCfg = Release|Any CPU
		{3A581ED5-21B9-4E07-AB98-FB066B2971FC}.Release|Any CPU.Build.0 = Release|Any CPU
	EndGlobalSection
	GlobalSection(SolutionProperties) = preSolution
		HideSolutionNode = FALSE
	EndGlobalSection
EndGlobal
